
Microsoft Visual Studio Solution File, Format Version 12.00
# Visual Studio Version 17
VisualStudioVersion = 17.5.002.0
MinimumVisualStudioVersion = 10.0.40219.1
Project("{9A19103F-16F7-4668-BE54-9A1E7A4F7556}") = "MeetingApp", "MeetingApp.csproj", "{0A6772CC-E2CE-4E3F-B020-178B65BB5669}"
EndProject
Global
	GlobalSection(SolutionConfigurationPlatforms) = preSolution
		Debug|Any CPU = Debug|Any CPU
		Release|Any CPU = Release|Any CPU
	EndGlobalSection
	GlobalSection(ProjectConfigurationPlatforms) = postSolution
		{0A6772CC-E2CE-4E3F-B020-178B65BB5669}.Debug|Any CPU.ActiveCfg = Debug|Any CPU
		{0A6772CC-E2CE-4E3F-B020-178B65BB5669}.Debug|Any CPU.Build.0 = Debug|Any CPU
		{0A6772CC-E2CE-4E3F-B020-178B65BB5669}.Release|Any CPU.ActiveCfg = Release|Any CPU
		{0A6772CC-E2CE-4E3F-B020-178B65BB5669}.Release|Any CPU.Build.0 = Release|Any CPU
	EndGlobalSection
	GlobalSection(SolutionProperties) = preSolution
		HideSolutionNode = FALSE
	EndGlobalSection
	GlobalSection(ExtensibilityGlobals) = postSolution
		SolutionGuid = {8ECEFDA4-4F3D-48EB-9E16-32EABCC876A8}
	EndGlobalSection
EndGlobal
