
Microsoft Visual Studio Solution File, Format Version 12.00
# Visual Studio Version 17
VisualStudioVersion = 17.8.34330.188
MinimumVisualStudioVersion = 10.0.40219.1
Project("{FAE04EC0-301F-11D3-BF4B-00C04F79EFBC}") = "EFCoreQuerying", "EFCoreQuerying\EFCoreQuerying.csproj", "{D9827187-C073-4F24-8511-7CC052C6A880}"
EndProject
Global
	GlobalSection(SolutionConfigurationPlatforms) = preSolution
		Debug|Any CPU = Debug|Any CPU
		Release|Any CPU = Release|Any CPU
	EndGlobalSection
	GlobalSection(ProjectConfigurationPlatforms) = postSolution
		{D9827187-C073-4F24-8511-7CC052C6A880}.Debug|Any CPU.ActiveCfg = Debug|Any CPU
		{D9827187-C073-4F24-8511-7CC052C6A880}.Debug|Any CPU.Build.0 = Debug|Any CPU
		{D9827187-C073-4F24-8511-7CC052C6A880}.Release|Any CPU.ActiveCfg = Release|Any CPU
		{D9827187-C073-4F24-8511-7CC052C6A880}.Release|Any CPU.Build.0 = Release|Any CPU
	EndGlobalSection
	GlobalSection(SolutionProperties) = preSolution
		HideSolutionNode = FALSE
	EndGlobalSection
	GlobalSection(ExtensibilityGlobals) = postSolution
		SolutionGuid = {367BB87E-4453-4EA6-AFE3-ECF528360E69}
	EndGlobalSection
EndGlobal
