
Microsoft Visual Studio Solution File, Format Version 12.00
# Visual Studio Version 17
VisualStudioVersion = 17.5.002.0
MinimumVisualStudioVersion = 10.0.40219.1
Project("{9A19103F-16F7-4668-BE54-9A1E7A4F7556}") = "MvcTask", "MvcTask\MvcTask.csproj", "{1D8FF9E7-9916-461A-BD5C-136F1D8E97FA}"
EndProject
Global
	GlobalSection(SolutionConfigurationPlatforms) = preSolution
		Debug|Any CPU = Debug|Any CPU
		Release|Any CPU = Release|Any CPU
	EndGlobalSection
	GlobalSection(ProjectConfigurationPlatforms) = postSolution
		{1D8FF9E7-9916-461A-BD5C-136F1D8E97FA}.Debug|Any CPU.ActiveCfg = Debug|Any CPU
		{1D8FF9E7-9916-461A-BD5C-136F1D8E97FA}.Debug|Any CPU.Build.0 = Debug|Any CPU
		{1D8FF9E7-9916-461A-BD5C-136F1D8E97FA}.Release|Any CPU.ActiveCfg = Release|Any CPU
		{1D8FF9E7-9916-461A-BD5C-136F1D8E97FA}.Release|Any CPU.Build.0 = Release|Any CPU
	EndGlobalSection
	GlobalSection(SolutionProperties) = preSolution
		HideSolutionNode = FALSE
	EndGlobalSection
	GlobalSection(ExtensibilityGlobals) = postSolution
		SolutionGuid = {468C15B9-9B48-4448-88E5-38B52E0FF82B}
	EndGlobalSection
EndGlobal
