
Microsoft Visual Studio Solution File, Format Version 12.00
# Visual Studio Version 17
VisualStudioVersion = 17.5.002.0
MinimumVisualStudioVersion = 10.0.40219.1
Project("{9A19103F-16F7-4668-BE54-9A1E7A4F7556}") = "MVC-efCoreApp", "MVC-efCoreApp.csproj", "{2D60464A-F575-4595-B6C1-705DADBA0D64}"
EndProject
Global
	GlobalSection(SolutionConfigurationPlatforms) = preSolution
		Debug|Any CPU = Debug|Any CPU
		Release|Any CPU = Release|Any CPU
	EndGlobalSection
	GlobalSection(ProjectConfigurationPlatforms) = postSolution
		{2D60464A-F575-4595-B6C1-705DADBA0D64}.Debug|Any CPU.ActiveCfg = Debug|Any CPU
		{2D60464A-F575-4595-B6C1-705DADBA0D64}.Debug|Any CPU.Build.0 = Debug|Any CPU
		{2D60464A-F575-4595-B6C1-705DADBA0D64}.Release|Any CPU.ActiveCfg = Release|Any CPU
		{2D60464A-F575-4595-B6C1-705DADBA0D64}.Release|Any CPU.Build.0 = Release|Any CPU
	EndGlobalSection
	GlobalSection(SolutionProperties) = preSolution
		HideSolutionNode = FALSE
	EndGlobalSection
	GlobalSection(ExtensibilityGlobals) = postSolution
		SolutionGuid = {6CCA9DDF-F4D5-4C56-883E-946A13D75A87}
	EndGlobalSection
EndGlobal
